
Microsoft Visual Studio Solution File, Format Version 12.00
# Visual Studio Version 17
VisualStudioVersion = 17.10.35027.167
MinimumVisualStudioVersion = 10.0.40219.1
Project("{FAE04EC0-301F-11D3-BF4B-00C04F79EFBC}") = "TestData", "TestData.csproj", "{F1CF33A5-CEFA-4FCA-94A3-C3496F883068}"
EndProject
Global
	GlobalSection(SolutionConfigurationPlatforms) = preSolution
		Debug|Any CPU = Debug|Any CPU
		Release|Any CPU = Release|Any CPU
	EndGlobalSection
	GlobalSection(ProjectConfigurationPlatforms) = postSolution
		{F1CF33A5-CEFA-4FCA-94A3-C3496F883068}.Debug|Any CPU.ActiveCfg = Debug|Any CPU
		{F1CF33A5-CEFA-4FCA-94A3-C3496F883068}.Debug|Any CPU.Build.0 = Debug|Any CPU
		{F1CF33A5-CEFA-4FCA-94A3-C3496F883068}.Release|Any CPU.ActiveCfg = Release|Any CPU
		{F1CF33A5-CEFA-4FCA-94A3-C3496F883068}.Release|Any CPU.Build.0 = Release|Any CPU
	EndGlobalSection
	GlobalSection(SolutionProperties) = preSolution
		HideSolutionNode = FALSE
	EndGlobalSection
	GlobalSection(ExtensibilityGlobals) = postSolution
		SolutionGuid = {F257416A-5664-4E22-AEA7-5442D69A25AC}
	EndGlobalSection
EndGlobal
